// !$*UTF8*$!
{
	archiveVersion = 1;
	classes = {
	};
	objectVersion = 46;
	objects = {

/* Begin PBXBuildFile section */
		E1A46D9517E0F02100881C60 /* UIKit.framework in Frameworks */ = {isa = PBXBuildFile; fileRef = E1A46D9417E0F02100881C60 /* UIKit.framework */; };
		E1A46D9717E0F02100881C60 /* Foundation.framework in Frameworks */ = {isa = PBXBuildFile; fileRef = E1A46D9617E0F02100881C60 /* Foundation.framework */; };
		E1A46D9917E0F02100881C60 /* CoreGraphics.framework in Frameworks */ = {isa = PBXBuildFile; fileRef = E1A46D9817E0F02100881C60 /* CoreGraphics.framework */; };
		E1A46D9F17E0F02100881C60 /* InfoPlist.strings in Resources */ = {isa = PBXBuildFile; fileRef = E1A46D9D17E0F02100881C60 /* InfoPlist.strings */; };
		E1A46DA117E0F02100881C60 /* main.m in Sources */ = {isa = PBXBuildFile; fileRef = E1A46DA017E0F02100881C60 /* main.m */; };
		E1A46DA517E0F02100881C60 /* AppDelegate.m in Sources */ = {isa = PBXBuildFile; fileRef = E1A46DA417E0F02100881C60 /* AppDelegate.m */; };
		E1A46DA717E0F02100881C60 /* Default.png in Resources */ = {isa = PBXBuildFile; fileRef = E1A46DA617E0F02100881C60 /* Default.png */; };
		E1A46DA917E0F02100881C60 /* Default@2x.png in Resources */ = {isa = PBXBuildFile; fileRef = E1A46DA817E0F02100881C60 /* Default@2x.png */; };
		E1A46DAB17E0F02100881C60 /* Default-568h@2x.png in Resources */ = {isa = PBXBuildFile; fileRef = E1A46DAA17E0F02100881C60 /* Default-568h@2x.png */; };
		E1A46DAE17E0F02100881C60 /* MainStoryboard.storyboard in Resources */ = {isa = PBXBuildFile; fileRef = E1A46DAC17E0F02100881C60 /* MainStoryboard.storyboard */; };
		E1A46DB117E0F02100881C60 /* ViewController.m in Sources */ = {isa = PBXBuildFile; fileRef = E1A46DB017E0F02100881C60 /* ViewController.m */; };
		E1A46DBE17E0FFC800881C60 /* FB2StepButton.m in Sources */ = {isa = PBXBuildFile; fileRef = E1A46DBD17E0FFC800881C60 /* FB2StepButton.m */; };
/* End PBXBuildFile section */

/* Begin PBXFileReference section */
		E1A46D9117E0F02100881C60 /* 2StepButtomDemo.app */ = {isa = PBXFileReference; explicitFileType = wrapper.application; includeInIndex = 0; path = 2StepButtomDemo.app; sourceTree = BUILT_PRODUCTS_DIR; };
		E1A46D9417E0F02100881C60 /* UIKit.framework */ = {isa = PBXFileReference; lastKnownFileType = wrapper.framework; name = UIKit.framework; path = System/Library/Frameworks/UIKit.framework; sourceTree = SDKROOT; };
		E1A46D9617E0F02100881C60 /* Foundation.framework */ = {isa = PBXFileReference; lastKnownFileType = wrapper.framework; name = Foundation.framework; path = System/Library/Frameworks/Foundation.framework; sourceTree = SDKROOT; };
		E1A46D9817E0F02100881C60 /* CoreGraphics.framework */ = {isa = PBXFileReference; lastKnownFileType = wrapper.framework; name = CoreGraphics.framework; path = System/Library/Frameworks/CoreGraphics.framework; sourceTree = SDKROOT; };
		E1A46D9C17E0F02100881C60 /* 2StepButtomDemo-Info.plist */ = {isa = PBXFileReference; lastKnownFileType = text.plist.xml; path = "2StepButtomDemo-Info.plist"; sourceTree = "<group>"; };
		E1A46D9E17E0F02100881C60 /* en */ = {isa = PBXFileReference; lastKnownFileType = text.plist.strings; name = en; path = en.lproj/InfoPlist.strings; sourceTree = "<group>"; };
		E1A46DA017E0F02100881C60 /* main.m */ = {isa = PBXFileReference; lastKnownFileType = sourcecode.c.objc; path = main.m; sourceTree = "<group>"; };
		E1A46DA217E0F02100881C60 /* 2StepButtomDemo-Prefix.pch */ = {isa = PBXFileReference; lastKnownFileType = sourcecode.c.h; path = "2StepButtomDemo-Prefix.pch"; sourceTree = "<group>"; };
		E1A46DA317E0F02100881C60 /* AppDelegate.h */ = {isa = PBXFileReference; lastKnownFileType = sourcecode.c.h; path = AppDelegate.h; sourceTree = "<group>"; };
		E1A46DA417E0F02100881C60 /* AppDelegate.m */ = {isa = PBXFileReference; lastKnownFileType = sourcecode.c.objc; path = AppDelegate.m; sourceTree = "<group>"; };
		E1A46DA617E0F02100881C60 /* Default.png */ = {isa = PBXFileReference; lastKnownFileType = image.png; path = Default.png; sourceTree = "<group>"; };
		E1A46DA817E0F02100881C60 /* Default@2x.png */ = {isa = PBXFileReference; lastKnownFileType = image.png; path = "Default@2x.png"; sourceTree = "<group>"; };
		E1A46DAA17E0F02100881C60 /* Default-568h@2x.png */ = {isa = PBXFileReference; lastKnownFileType = image.png; path = "Default-568h@2x.png"; sourceTree = "<group>"; };
		E1A46DAD17E0F02100881C60 /* en */ = {isa = PBXFileReference; lastKnownFileType = file.storyboard; name = en; path = en.lproj/MainStoryboard.storyboard; sourceTree = "<group>"; };
		E1A46DAF17E0F02100881C60 /* ViewController.h */ = {isa = PBXFileReference; lastKnownFileType = sourcecode.c.h; path = ViewController.h; sourceTree = "<group>"; };
		E1A46DB017E0F02100881C60 /* ViewController.m */ = {isa = PBXFileReference; lastKnownFileType = sourcecode.c.objc; path = ViewController.m; sourceTree = "<group>"; };
		E1A46DBC17E0FFC800881C60 /* FB2StepButton.h */ = {isa = PBXFileReference; fileEncoding = 4; lastKnownFileType = sourcecode.c.h; path = FB2StepButton.h; sourceTree = "<group>"; };
		E1A46DBD17E0FFC800881C60 /* FB2StepButton.m */ = {isa = PBXFileReference; fileEncoding = 4; lastKnownFileType = sourcecode.c.objc; path = FB2StepButton.m; sourceTree = "<group>"; };
/* End PBXFileReference section */

/* Begin PBXFrameworksBuildPhase section */
		E1A46D8E17E0F02100881C60 /* Frameworks */ = {
			isa = PBXFrameworksBuildPhase;
			buildActionMask = 2147483647;
			files = (
				E1A46D9517E0F02100881C60 /* UIKit.framework in Frameworks */,
				E1A46D9717E0F02100881C60 /* Foundation.framework in Frameworks */,
				E1A46D9917E0F02100881C60 /* CoreGraphics.framework in Frameworks */,
			);
			runOnlyForDeploymentPostprocessing = 0;
		};
/* End PBXFrameworksBuildPhase section */

/* Begin PBXGroup section */
		E1A46D8817E0F02100881C60 = {
			isa = PBXGroup;
			children = (
				E1A46D9A17E0F02100881C60 /* 2StepButtomDemo */,
				E1A46D9317E0F02100881C60 /* Frameworks */,
				E1A46D9217E0F02100881C60 /* Products */,
			);
			sourceTree = "<group>";
		};
		E1A46D9217E0F02100881C60 /* Products */ = {
			isa = PBXGroup;
			children = (
				E1A46D9117E0F02100881C60 /* 2StepButtomDemo.app */,
			);
			name = Products;
			sourceTree = "<group>";
		};
		E1A46D9317E0F02100881C60 /* Frameworks */ = {
			isa = PBXGroup;
			children = (
				E1A46D9417E0F02100881C60 /* UIKit.framework */,
				E1A46D9617E0F02100881C60 /* Foundation.framework */,
				E1A46D9817E0F02100881C60 /* CoreGraphics.framework */,
			);
			name = Frameworks;
			sourceTree = "<group>";
		};
		E1A46D9A17E0F02100881C60 /* 2StepButtomDemo */ = {
			isa = PBXGroup;
			children = (
				E1A46DBB17E0FFC800881C60 /* FB2StepButton */,
				E1A46DA317E0F02100881C60 /* AppDelegate.h */,
				E1A46DA417E0F02100881C60 /* AppDelegate.m */,
				E1A46DAC17E0F02100881C60 /* MainStoryboard.storyboard */,
				E1A46DAF17E0F02100881C60 /* ViewController.h */,
				E1A46DB017E0F02100881C60 /* ViewController.m */,
				E1A46D9B17E0F02100881C60 /* Supporting Files */,
			);
			path = 2StepButtomDemo;
			sourceTree = "<group>";
		};
		E1A46D9B17E0F02100881C60 /* Supporting Files */ = {
			isa = PBXGroup;
			children = (
				E1A46D9C17E0F02100881C60 /* 2StepButtomDemo-Info.plist */,
				E1A46D9D17E0F02100881C60 /* InfoPlist.strings */,
				E1A46DA017E0F02100881C60 /* main.m */,
				E1A46DA217E0F02100881C60 /* 2StepButtomDemo-Prefix.pch */,
				E1A46DA617E0F02100881C60 /* Default.png */,
				E1A46DA817E0F02100881C60 /* Default@2x.png */,
				E1A46DAA17E0F02100881C60 /* Default-568h@2x.png */,
			);
			name = "Supporting Files";
			sourceTree = "<group>";
		};
		E1A46DBB17E0FFC800881C60 /* FB2StepButton */ = {
			isa = PBXGroup;
			children = (
				E1A46DBC17E0FFC800881C60 /* FB2StepButton.h */,
				E1A46DBD17E0FFC800881C60 /* FB2StepButton.m */,
			);
			path = FB2StepButton;
			sourceTree = SOURCE_ROOT;
		};
/* End PBXGroup section */

/* Begin PBXNativeTarget section */
		E1A46D9017E0F02100881C60 /* 2StepButtomDemo */ = {
			isa = PBXNativeTarget;
			buildConfigurationList = E1A46DB417E0F02100881C60 /* Build configuration list for PBXNativeTarget "2StepButtomDemo" */;
			buildPhases = (
				E1A46D8D17E0F02100881C60 /* Sources */,
				E1A46D8E17E0F02100881C60 /* Frameworks */,
				E1A46D8F17E0F02100881C60 /* Resources */,
			);
			buildRules = (
			);
			dependencies = (
			);
			name = 2StepButtomDemo;
			productName = 2StepButtomDemo;
			productReference = E1A46D9117E0F02100881C60 /* 2StepButtomDemo.app */;
			productType = "com.apple.product-type.application";
		};
/* End PBXNativeTarget section */

/* Begin PBXProject section */
		E1A46D8917E0F02100881C60 /* Project object */ = {
			isa = PBXProject;
			attributes = {
				LastUpgradeCheck = 0460;
				ORGANIZATIONNAME = "Fernando Bass";
			};
			buildConfigurationList = E1A46D8C17E0F02100881C60 /* Build configuration list for PBXProject "2StepButtomDemo" */;
			compatibilityVersion = "Xcode 3.2";
			developmentRegion = English;
			hasScannedForEncodings = 0;
			knownRegions = (
				en,
			);
			mainGroup = E1A46D8817E0F02100881C60;
			productRefGroup = E1A46D9217E0F02100881C60 /* Products */;
			projectDirPath = "";
			projectRoot = "";
			targets = (
				E1A46D9017E0F02100881C60 /* 2StepButtomDemo */,
			);
		};
/* End PBXProject section */

/* Begin PBXResourcesBuildPhase section */
		E1A46D8F17E0F02100881C60 /* Resources */ = {
			isa = PBXResourcesBuildPhase;
			buildActionMask = 2147483647;
			files = (
				E1A46D9F17E0F02100881C60 /* InfoPlist.strings in Resources */,
				E1A46DA717E0F02100881C60 /* Default.png in Resources */,
				E1A46DA917E0F02100881C60 /* Default@2x.png in Resources */,
				E1A46DAB17E0F02100881C60 /* Default-568h@2x.png in Resources */,
				E1A46DAE17E0F02100881C60 /* MainStoryboard.storyboard in Resources */,
			);
			runOnlyForDeploymentPostprocessing = 0;
		};
/* End PBXResourcesBuildPhase section */

/* Begin PBXSourcesBuildPhase section */
		E1A46D8D17E0F02100881C60 /* Sources */ = {
			isa = PBXSourcesBuildPhase;
			buildActionMask = 2147483647;
			files = (
				E1A46DA117E0F02100881C60 /* main.m in Sources */,
				E1A46DA517E0F02100881C60 /* AppDelegate.m in Sources */,
				E1A46DB117E0F02100881C60 /* ViewController.m in Sources */,
				E1A46DBE17E0FFC800881C60 /* FB2StepButton.m in Sources */,
			);
			runOnlyForDeploymentPostprocessing = 0;
		};
/* End PBXSourcesBuildPhase section */

/* Begin PBXVariantGroup section */
		E1A46D9D17E0F02100881C60 /* InfoPlist.strings */ = {
			isa = PBXVariantGroup;
			children = (
				E1A46D9E17E0F02100881C60 /* en */,
			);
			name = InfoPlist.strings;
			sourceTree = "<group>";
		};
		E1A46DAC17E0F02100881C60 /* MainStoryboard.storyboard */ = {
			isa = PBXVariantGroup;
			children = (
				E1A46DAD17E0F02100881C60 /* en */,
			);
			name = MainStoryboard.storyboard;
			sourceTree = "<group>";
		};
/* End PBXVariantGroup section */

/* Begin XCBuildConfiguration section */
		E1A46DB217E0F02100881C60 /* Debug */ = {
			isa = XCBuildConfiguration;
			buildSettings = {
				ALWAYS_SEARCH_USER_PATHS = NO;
				CLANG_CXX_LANGUAGE_STANDARD = "gnu++0x";
				CLANG_CXX_LIBRARY = "libc++";
				CLANG_ENABLE_OBJC_ARC = YES;
				CLANG_WARN_CONSTANT_CONVERSION = YES;
				CLANG_WARN_EMPTY_BODY = YES;
				CLANG_WARN_ENUM_CONVERSION = YES;
				CLANG_WARN_INT_CONVERSION = YES;
				CLANG_WARN__DUPLICATE_METHOD_MATCH = YES;
				"CODE_SIGN_IDENTITY[sdk=iphoneos*]" = "iPhone Developer";
				COPY_PHASE_STRIP = NO;
				GCC_C_LANGUAGE_STANDARD = gnu99;
				GCC_DYNAMIC_NO_PIC = NO;
				GCC_OPTIMIZATION_LEVEL = 0;
				GCC_PREPROCESSOR_DEFINITIONS = (
					"DEBUG=1",
					"$(inherited)",
				);
				GCC_SYMBOLS_PRIVATE_EXTERN = NO;
				GCC_WARN_ABOUT_RETURN_TYPE = YES;
				GCC_WARN_UNINITIALIZED_AUTOS = YES;
				GCC_WARN_UNUSED_VARIABLE = YES;
				IPHONEOS_DEPLOYMENT_TARGET = 6.1;
				ONLY_ACTIVE_ARCH = YES;
				SDKROOT = iphoneos;
			};
			name = Debug;
		};
		E1A46DB317E0F02100881C60 /* Release */ = {
			isa = XCBuildConfiguration;
			buildSettings = {
				ALWAYS_SEARCH_USER_PATHS = NO;
				CLANG_CXX_LANGUAGE_STANDARD = "gnu++0x";
				CLANG_CXX_LIBRARY = "libc++";
				CLANG_ENABLE_OBJC_ARC = YES;
				CLANG_WARN_CONSTANT_CONVERSION = YES;
				CLANG_WARN_EMPTY_BODY = YES;
				CLANG_WARN_ENUM_CONVERSION = YES;
				CLANG_WARN_INT_CONVERSION = YES;
				CLANG_WARN__DUPLICATE_METHOD_MATCH = YES;
				"CODE_SIGN_IDENTITY[sdk=iphoneos*]" = "iPhone Developer";
				COPY_PHASE_STRIP = YES;
				GCC_C_LANGUAGE_STANDARD = gnu99;
				GCC_WARN_ABOUT_RETURN_TYPE = YES;
				GCC_WARN_UNINITIALIZED_AUTOS = YES;
				GCC_WARN_UNUSED_VARIABLE = YES;
				IPHONEOS_DEPLOYMENT_TARGET = 6.1;
				OTHER_CFLAGS = "-DNS_BLOCK_ASSERTIONS=1";
				SDKROOT = iphoneos;
				VALIDATE_PRODUCT = YES;
			};
			name = Release;
		};
		E1A46DB517E0F02100881C60 /* Debug */ = {
			isa = XCBuildConfiguration;
			buildSettings = {
				GCC_PRECOMPILE_PREFIX_HEADER = YES;
				GCC_PREFIX_HEADER = "2StepButtomDemo/2StepButtomDemo-Prefix.pch";
				INFOPLIST_FILE = "2StepButtomDemo/2StepButtomDemo-Info.plist";
				PRODUCT_NAME = "$(TARGET_NAME)";
				WRAPPER_EXTENSION = app;
			};
			name = Debug;
		};
		E1A46DB617E0F02100881C60 /* Release */ = {
			isa = XCBuildConfiguration;
			buildSettings = {
				GCC_PRECOMPILE_PREFIX_HEADER = YES;
				GCC_PREFIX_HEADER = "2StepButtomDemo/2StepButtomDemo-Prefix.pch";
				INFOPLIST_FILE = "2StepButtomDemo/2StepButtomDemo-Info.plist";
				PRODUCT_NAME = "$(TARGET_NAME)";
				WRAPPER_EXTENSION = app;
			};
			name = Release;
		};
/* End XCBuildConfiguration section */

/* Begin XCConfigurationList section */
		E1A46D8C17E0F02100881C60 /* Build configuration list for PBXProject "2StepButtomDemo" */ = {
			isa = XCConfigurationList;
			buildConfigurations = (
				E1A46DB217E0F02100881C60 /* Debug */,
				E1A46DB317E0F02100881C60 /* Release */,
			);
			defaultConfigurationIsVisible = 0;
			defaultConfigurationName = Release;
		};
		E1A46DB417E0F02100881C60 /* Build configuration list for PBXNativeTarget "2StepButtomDemo" */ = {
			isa = XCConfigurationList;
			buildConfigurations = (
				E1A46DB517E0F02100881C60 /* Debug */,
				E1A46DB617E0F02100881C60 /* Release */,
			);
			defaultConfigurationIsVisible = 0;
		};
/* End XCConfigurationList section */
	};
	rootObject = E1A46D8917E0F02100881C60 /* Project object */;
}
